// !$*UTF8*$!
{
	archiveVersion = 1;
	classes = {
	};
	objectVersion = 55;
	objects = {

/* Begin PBXBuildFile section */
		B65062562832D43E00673D02 /* ContinuationView.swift in Sources */ = {isa = PBXBuildFile; fileRef = B65062552832D43E00673D02 /* ContinuationView.swift */; };
		B650625A2835760E00673D02 /* CVMNetworkManager.swift in Sources */ = {isa = PBXBuildFile; fileRef = B65062592835760E00673D02 /* CVMNetworkManager.swift */; };
		B650625C2835765A00673D02 /* ContinuationViewModel.swift in Sources */ = {isa = PBXBuildFile; fileRef = B650625B2835765A00673D02 /* ContinuationViewModel.swift */; };
		B6506260283583AE00673D02 /* Lottie in Frameworks */ = {isa = PBXBuildFile; productRef = B650625F283583AE00673D02 /* Lottie */; };
		B65062622835840300673D02 /* fireworks.json in Resources */ = {isa = PBXBuildFile; fileRef = B65062612835840300673D02 /* fireworks.json */; };
		B65062642835841300673D02 /* Lottier.swift in Sources */ = {isa = PBXBuildFile; fileRef = B65062632835841300673D02 /* Lottier.swift */; };
		B65062662835868400673D02 /* 104753-friendly-owl.json in Resources */ = {isa = PBXBuildFile; fileRef = B65062652835868400673D02 /* 104753-friendly-owl.json */; };
		B65A563C28148C54008B7922 /* composionerApp.swift in Sources */ = {isa = PBXBuildFile; fileRef = B65A563B28148C54008B7922 /* composionerApp.swift */; };
		B65A563E28148C54008B7922 /* ContentView.swift in Sources */ = {isa = PBXBuildFile; fileRef = B65A563D28148C54008B7922 /* ContentView.swift */; };
		B65A564028148C56008B7922 /* Assets.xcassets in Resources */ = {isa = PBXBuildFile; fileRef = B65A563F28148C56008B7922 /* Assets.xcassets */; };
		B65A564328148C56008B7922 /* Preview Assets.xcassets in Resources */ = {isa = PBXBuildFile; fileRef = B65A564228148C56008B7922 /* Preview Assets.xcassets */; };
		B65A564D28148D54008B7922 /* CompositionalView.swift in Sources */ = {isa = PBXBuildFile; fileRef = B65A564C28148D54008B7922 /* CompositionalView.swift */; };
		B65A564F2814991D008B7922 /* ImageModel.swift in Sources */ = {isa = PBXBuildFile; fileRef = B65A564E2814991D008B7922 /* ImageModel.swift */; };
		B65A565128149A4F008B7922 /* ImageFetcher.swift in Sources */ = {isa = PBXBuildFile; fileRef = B65A565028149A4F008B7922 /* ImageFetcher.swift */; };
		B6607109282D8E1F00749C19 /* TaskGrouper.swift in Sources */ = {isa = PBXBuildFile; fileRef = B6607108282D8E1F00749C19 /* TaskGrouper.swift */; };
		B673CF9F28317D0B005655FC /* TaskGrouperViewModel.swift in Sources */ = {isa = PBXBuildFile; fileRef = B673CF9E28317D0B005655FC /* TaskGrouperViewModel.swift */; };
		B673CFA128317D45005655FC /* TaskGrouperDataManager.swift in Sources */ = {isa = PBXBuildFile; fileRef = B673CFA028317D45005655FC /* TaskGrouperDataManager.swift */; };
		B69AC59928396A7A00A2774E /* Extensions.swift in Sources */ = {isa = PBXBuildFile; fileRef = B69AC59828396A7A00A2774E /* Extensions.swift */; };
		B6A8330028149DA100DAFCE1 /* SDWebImageSwiftUI in Frameworks */ = {isa = PBXBuildFile; productRef = B6A832FF28149DA100DAFCE1 /* SDWebImageSwiftUI */; };
		B6B9A688283C064800DA9CD8 /* Actors.swift in Sources */ = {isa = PBXBuildFile; fileRef = B6B9A687283C064800DA9CD8 /* Actors.swift */; };
		B6B9A68A283EA6E200DA9CD8 /* GlobalActors.swift in Sources */ = {isa = PBXBuildFile; fileRef = B6B9A689283EA6E200DA9CD8 /* GlobalActors.swift */; };
		B6C9CAB4281E9B05009947D0 /* DownloadImageAsync.swift in Sources */ = {isa = PBXBuildFile; fileRef = B6C9CAB3281E9B05009947D0 /* DownloadImageAsync.swift */; };
		B6C9CAB62820612F009947D0 /* Asyncer.swift in Sources */ = {isa = PBXBuildFile; fileRef = B6C9CAB52820612F009947D0 /* Asyncer.swift */; };
		B6C9CAC82822FDA9009947D0 /* Taskers.swift in Sources */ = {isa = PBXBuildFile; fileRef = B6C9CAC72822FDA9009947D0 /* Taskers.swift */; };
		B6C9CACB282529CD009947D0 /* ExpertoView.swift in Sources */ = {isa = PBXBuildFile; fileRef = B6C9CACA282529CD009947D0 /* ExpertoView.swift */; };
		B6C9CACD28268C87009947D0 /* MainView.swift in Sources */ = {isa = PBXBuildFile; fileRef = B6C9CACC28268C87009947D0 /* MainView.swift */; };
		B6C9CACF28268C9A009947D0 /* Model.swift in Sources */ = {isa = PBXBuildFile; fileRef = B6C9CACE28268C9A009947D0 /* Model.swift */; };
		B6C9CAD128268DAA009947D0 /* CardView.swift in Sources */ = {isa = PBXBuildFile; fileRef = B6C9CAD028268DAA009947D0 /* CardView.swift */; };
		B6C9CAD42827B8CA009947D0 /* Modo.swift in Sources */ = {isa = PBXBuildFile; fileRef = B6C9CAD32827B8CA009947D0 /* Modo.swift */; };
		B6C9CAD62827B9AE009947D0 /* ModoView.swift in Sources */ = {isa = PBXBuildFile; fileRef = B6C9CAD52827B9AE009947D0 /* ModoView.swift */; };
		B6C9CAD82827B9BE009947D0 /* Combainer.swift in Sources */ = {isa = PBXBuildFile; fileRef = B6C9CAD72827B9BE009947D0 /* Combainer.swift */; };
		B6C9CADB2827D2CA009947D0 /* Ringer.swift in Sources */ = {isa = PBXBuildFile; fileRef = B6C9CADA2827D2CA009947D0 /* Ringer.swift */; };
		B6C9CADD2827D311009947D0 /* Ring.swift in Sources */ = {isa = PBXBuildFile; fileRef = B6C9CADC2827D311009947D0 /* Ring.swift */; };
		B6C9CADF2827D321009947D0 /* RingShape.swift in Sources */ = {isa = PBXBuildFile; fileRef = B6C9CADE2827D321009947D0 /* RingShape.swift */; };
		B6C9CAE128296776009947D0 /* Streams.swift in Sources */ = {isa = PBXBuildFile; fileRef = B6C9CAE028296776009947D0 /* Streams.swift */; };
		B6C9CAE328297434009947D0 /* AsyncLet.swift in Sources */ = {isa = PBXBuildFile; fileRef = B6C9CAE228297434009947D0 /* AsyncLet.swift */; };
		B6C9CAE5282ACA5A009947D0 /* PaymentRing.swift in Sources */ = {isa = PBXBuildFile; fileRef = B6C9CAE4282ACA5A009947D0 /* PaymentRing.swift */; };
/* End PBXBuildFile section */

/* Begin PBXFileReference section */
		B65062552832D43E00673D02 /* ContinuationView.swift */ = {isa = PBXFileReference; lastKnownFileType = sourcecode.swift; path = ContinuationView.swift; sourceTree = "<group>"; };
		B65062592835760E00673D02 /* CVMNetworkManager.swift */ = {isa = PBXFileReference; lastKnownFileType = sourcecode.swift; path = CVMNetworkManager.swift; sourceTree = "<group>"; };
		B650625B2835765A00673D02 /* ContinuationViewModel.swift */ = {isa = PBXFileReference; lastKnownFileType = sourcecode.swift; path = ContinuationViewModel.swift; sourceTree = "<group>"; };
		B65062612835840300673D02 /* fireworks.json */ = {isa = PBXFileReference; fileEncoding = 4; lastKnownFileType = text.json; path = fireworks.json; sourceTree = "<group>"; };
		B65062632835841300673D02 /* Lottier.swift */ = {isa = PBXFileReference; lastKnownFileType = sourcecode.swift; path = Lottier.swift; sourceTree = "<group>"; };
		B65062652835868400673D02 /* 104753-friendly-owl.json */ = {isa = PBXFileReference; fileEncoding = 4; lastKnownFileType = text.json; path = "104753-friendly-owl.json"; sourceTree = "<group>"; };
		B65A563828148C54008B7922 /* composioner.app */ = {isa = PBXFileReference; explicitFileType = wrapper.application; includeInIndex = 0; path = composioner.app; sourceTree = BUILT_PRODUCTS_DIR; };
		B65A563B28148C54008B7922 /* composionerApp.swift */ = {isa = PBXFileReference; lastKnownFileType = sourcecode.swift; path = composionerApp.swift; sourceTree = "<group>"; };
		B65A563D28148C54008B7922 /* ContentView.swift */ = {isa = PBXFileReference; lastKnownFileType = sourcecode.swift; path = ContentView.swift; sourceTree = "<group>"; };
		B65A563F28148C56008B7922 /* Assets.xcassets */ = {isa = PBXFileReference; lastKnownFileType = folder.assetcatalog; path = Assets.xcassets; sourceTree = "<group>"; };
		B65A564228148C56008B7922 /* Preview Assets.xcassets */ = {isa = PBXFileReference; lastKnownFileType = folder.assetcatalog; path = "Preview Assets.xcassets"; sourceTree = "<group>"; };
		B65A564C28148D54008B7922 /* CompositionalView.swift */ = {isa = PBXFileReference; lastKnownFileType = sourcecode.swift; path = CompositionalView.swift; sourceTree = "<group>"; };
		B65A564E2814991D008B7922 /* ImageModel.swift */ = {isa = PBXFileReference; lastKnownFileType = sourcecode.swift; path = ImageModel.swift; sourceTree = "<group>"; };
		B65A565028149A4F008B7922 /* ImageFetcher.swift */ = {isa = PBXFileReference; lastKnownFileType = sourcecode.swift; path = ImageFetcher.swift; sourceTree = "<group>"; };
		B6607108282D8E1F00749C19 /* TaskGrouper.swift */ = {isa = PBXFileReference; lastKnownFileType = sourcecode.swift; path = TaskGrouper.swift; sourceTree = "<group>"; };
		B673CF9E28317D0B005655FC /* TaskGrouperViewModel.swift */ = {isa = PBXFileReference; lastKnownFileType = sourcecode.swift; path = TaskGrouperViewModel.swift; sourceTree = "<group>"; };
		B673CFA028317D45005655FC /* TaskGrouperDataManager.swift */ = {isa = PBXFileReference; lastKnownFileType = sourcecode.swift; path = TaskGrouperDataManager.swift; sourceTree = "<group>"; };
		B69AC59828396A7A00A2774E /* Extensions.swift */ = {isa = PBXFileReference; lastKnownFileType = sourcecode.swift; path = Extensions.swift; sourceTree = "<group>"; };
		B6B9A687283C064800DA9CD8 /* Actors.swift */ = {isa = PBXFileReference; lastKnownFileType = sourcecode.swift; path = Actors.swift; sourceTree = "<group>"; };
		B6B9A689283EA6E200DA9CD8 /* GlobalActors.swift */ = {isa = PBXFileReference; lastKnownFileType = sourcecode.swift; path = GlobalActors.swift; sourceTree = "<group>"; };
		B6C9CAB3281E9B05009947D0 /* DownloadImageAsync.swift */ = {isa = PBXFileReference; lastKnownFileType = sourcecode.swift; path = DownloadImageAsync.swift; sourceTree = "<group>"; };
		B6C9CAB52820612F009947D0 /* Asyncer.swift */ = {isa = PBXFileReference; lastKnownFileType = sourcecode.swift; path = Asyncer.swift; sourceTree = "<group>"; };
		B6C9CAC72822FDA9009947D0 /* Taskers.swift */ = {isa = PBXFileReference; lastKnownFileType = sourcecode.swift; path = Taskers.swift; sourceTree = "<group>"; };
		B6C9CACA282529CD009947D0 /* ExpertoView.swift */ = {isa = PBXFileReference; lastKnownFileType = sourcecode.swift; path = ExpertoView.swift; sourceTree = "<group>"; };
		B6C9CACC28268C87009947D0 /* MainView.swift */ = {isa = PBXFileReference; lastKnownFileType = sourcecode.swift; path = MainView.swift; sourceTree = "<group>"; };
		B6C9CACE28268C9A009947D0 /* Model.swift */ = {isa = PBXFileReference; lastKnownFileType = sourcecode.swift; path = Model.swift; sourceTree = "<group>"; };
		B6C9CAD028268DAA009947D0 /* CardView.swift */ = {isa = PBXFileReference; lastKnownFileType = sourcecode.swift; path = CardView.swift; sourceTree = "<group>"; };
		B6C9CAD32827B8CA009947D0 /* Modo.swift */ = {isa = PBXFileReference; lastKnownFileType = sourcecode.swift; path = Modo.swift; sourceTree = "<group>"; };
		B6C9CAD52827B9AE009947D0 /* ModoView.swift */ = {isa = PBXFileReference; lastKnownFileType = sourcecode.swift; path = ModoView.swift; sourceTree = "<group>"; };
		B6C9CAD72827B9BE009947D0 /* Combainer.swift */ = {isa = PBXFileReference; lastKnownFileType = sourcecode.swift; path = Combainer.swift; sourceTree = "<group>"; };
		B6C9CADA2827D2CA009947D0 /* Ringer.swift */ = {isa = PBXFileReference; lastKnownFileType = sourcecode.swift; path = Ringer.swift; sourceTree = "<group>"; };
		B6C9CADC2827D311009947D0 /* Ring.swift */ = {isa = PBXFileReference; lastKnownFileType = sourcecode.swift; path = Ring.swift; sourceTree = "<group>"; };
		B6C9CADE2827D321009947D0 /* RingShape.swift */ = {isa = PBXFileReference; lastKnownFileType = sourcecode.swift; path = RingShape.swift; sourceTree = "<group>"; };
		B6C9CAE028296776009947D0 /* Streams.swift */ = {isa = PBXFileReference; lastKnownFileType = sourcecode.swift; path = Streams.swift; sourceTree = "<group>"; };
		B6C9CAE228297434009947D0 /* AsyncLet.swift */ = {isa = PBXFileReference; lastKnownFileType = sourcecode.swift; path = AsyncLet.swift; sourceTree = "<group>"; };
		B6C9CAE4282ACA5A009947D0 /* PaymentRing.swift */ = {isa = PBXFileReference; lastKnownFileType = sourcecode.swift; path = PaymentRing.swift; sourceTree = "<group>"; };
/* End PBXFileReference section */

/* Begin PBXFrameworksBuildPhase section */
		B65A563528148C54008B7922 /* Frameworks */ = {
			isa = PBXFrameworksBuildPhase;
			buildActionMask = 2147483647;
			files = (
				B6A8330028149DA100DAFCE1 /* SDWebImageSwiftUI in Frameworks */,
				B6506260283583AE00673D02 /* Lottie in Frameworks */,
			);
			runOnlyForDeploymentPostprocessing = 0;
		};
/* End PBXFrameworksBuildPhase section */

/* Begin PBXGroup section */
		B65062542832D3FC00673D02 /* Continuations */ = {
			isa = PBXGroup;
			children = (
				B65062552832D43E00673D02 /* ContinuationView.swift */,
				B650625B2835765A00673D02 /* ContinuationViewModel.swift */,
				B65062592835760E00673D02 /* CVMNetworkManager.swift */,
			);
			path = Continuations;
			sourceTree = "<group>";
		};
		B650625D2835832E00673D02 /* Lottier */ = {
			isa = PBXGroup;
			children = (
				B65062632835841300673D02 /* Lottier.swift */,
			);
			path = Lottier;
			sourceTree = "<group>";
		};
		B65A562F28148C54008B7922 = {
			isa = PBXGroup;
			children = (
				B65A563A28148C54008B7922 /* composioner */,
				B65A563928148C54008B7922 /* Products */,
			);
			sourceTree = "<group>";
		};
		B65A563928148C54008B7922 /* Products */ = {
			isa = PBXGroup;
			children = (
				B65A563828148C54008B7922 /* composioner.app */,
			);
			name = Products;
			sourceTree = "<group>";
		};
		B65A563A28148C54008B7922 /* composioner */ = {
			isa = PBXGroup;
			children = (
				B6B9A686283C063400DA9CD8 /* Actors */,
				B650625D2835832E00673D02 /* Lottier */,
				B65062542832D3FC00673D02 /* Continuations */,
				B6607107282D8DB000749C19 /* TaskGrouper */,
				B6C9CAD92827D29C009947D0 /* Ringer */,
				B6C9CAD22827B8AE009947D0 /* Asyncer */,
				B6C9CAC92825298C009947D0 /* Experto */,
				B6C9CAB2281E9ADF009947D0 /* Thinker Managers */,
				B65A564B28148CEA008B7922 /* Model */,
				B65A564A28148CE3008B7922 /* ViewModel */,
				B65A564928148CD6008B7922 /* View */,
				B65A563B28148C54008B7922 /* composionerApp.swift */,
				B65062612835840300673D02 /* fireworks.json */,
				B65062652835868400673D02 /* 104753-friendly-owl.json */,
				B6C9CAE028296776009947D0 /* Streams.swift */,
				B65A563D28148C54008B7922 /* ContentView.swift */,
				B65A563F28148C56008B7922 /* Assets.xcassets */,
				B65A564128148C56008B7922 /* Preview Content */,
				B6C9CAE4282ACA5A009947D0 /* PaymentRing.swift */,
				B69AC59828396A7A00A2774E /* Extensions.swift */,
			);
			path = composioner;
			sourceTree = "<group>";
		};
		B65A564128148C56008B7922 /* Preview Content */ = {
			isa = PBXGroup;
			children = (
				B65A564228148C56008B7922 /* Preview Assets.xcassets */,
			);
			path = "Preview Content";
			sourceTree = "<group>";
		};
		B65A564928148CD6008B7922 /* View */ = {
			isa = PBXGroup;
			children = (
				B65A564C28148D54008B7922 /* CompositionalView.swift */,
			);
			path = View;
			sourceTree = "<group>";
		};
		B65A564A28148CE3008B7922 /* ViewModel */ = {
			isa = PBXGroup;
			children = (
				B65A565028149A4F008B7922 /* ImageFetcher.swift */,
			);
			path = ViewModel;
			sourceTree = "<group>";
		};
		B65A564B28148CEA008B7922 /* Model */ = {
			isa = PBXGroup;
			children = (
				B65A564E2814991D008B7922 /* ImageModel.swift */,
			);
			path = Model;
			sourceTree = "<group>";
		};
		B6607107282D8DB000749C19 /* TaskGrouper */ = {
			isa = PBXGroup;
			children = (
				B6607108282D8E1F00749C19 /* TaskGrouper.swift */,
				B673CFA028317D45005655FC /* TaskGrouperDataManager.swift */,
				B673CF9E28317D0B005655FC /* TaskGrouperViewModel.swift */,
			);
			path = TaskGrouper;
			sourceTree = "<group>";
		};
		B6B9A686283C063400DA9CD8 /* Actors */ = {
			isa = PBXGroup;
			children = (
				B6B9A687283C064800DA9CD8 /* Actors.swift */,
				B6B9A689283EA6E200DA9CD8 /* GlobalActors.swift */,
			);
			path = Actors;
			sourceTree = "<group>";
		};
		B6C9CAB2281E9ADF009947D0 /* Thinker Managers */ = {
			isa = PBXGroup;
			children = (
				B6C9CAB3281E9B05009947D0 /* DownloadImageAsync.swift */,
				B6C9CAE228297434009947D0 /* AsyncLet.swift */,
				B6C9CAB52820612F009947D0 /* Asyncer.swift */,
				B6C9CAC72822FDA9009947D0 /* Taskers.swift */,
			);
			path = "Thinker Managers";
			sourceTree = "<group>";
		};
		B6C9CAC92825298C009947D0 /* Experto */ = {
			isa = PBXGroup;
			children = (
				B6C9CACA282529CD009947D0 /* ExpertoView.swift */,
				B6C9CACC28268C87009947D0 /* MainView.swift */,
				B6C9CAD028268DAA009947D0 /* CardView.swift */,
				B6C9CACE28268C9A009947D0 /* Model.swift */,
			);
			path = Experto;
			sourceTree = "<group>";
		};
		B6C9CAD22827B8AE009947D0 /* Asyncer */ = {
			isa = PBXGroup;
			children = (
				B6C9CAD32827B8CA009947D0 /* Modo.swift */,
				B6C9CAD52827B9AE009947D0 /* ModoView.swift */,
				B6C9CAD72827B9BE009947D0 /* Combainer.swift */,
			);
			path = Asyncer;
			sourceTree = "<group>";
		};
		B6C9CAD92827D29C009947D0 /* Ringer */ = {
			isa = PBXGroup;
			children = (
				B6C9CADA2827D2CA009947D0 /* Ringer.swift */,
				B6C9CADC2827D311009947D0 /* Ring.swift */,
				B6C9CADE2827D321009947D0 /* RingShape.swift */,
			);
			path = Ringer;
			sourceTree = "<group>";
		};
/* End PBXGroup section */

/* Begin PBXNativeTarget section */
		B65A563728148C54008B7922 /* composioner */ = {
			isa = PBXNativeTarget;
			buildConfigurationList = B65A564628148C56008B7922 /* Build configuration list for PBXNativeTarget "composioner" */;
			buildPhases = (
				B65A563428148C54008B7922 /* Sources */,
				B65A563528148C54008B7922 /* Frameworks */,
				B65A563628148C54008B7922 /* Resources */,
			);
			buildRules = (
			);
			dependencies = (
			);
			name = composioner;
			packageProductDependencies = (
				B6A832FF28149DA100DAFCE1 /* SDWebImageSwiftUI */,
				B650625F283583AE00673D02 /* Lottie */,
			);
			productName = composioner;
			productReference = B65A563828148C54008B7922 /* composioner.app */;
			productType = "com.apple.product-type.application";
		};
/* End PBXNativeTarget section */

/* Begin PBXProject section */
		B65A563028148C54008B7922 /* Project object */ = {
			isa = PBXProject;
			attributes = {
				BuildIndependentTargetsInParallel = 1;
				LastSwiftUpdateCheck = 1330;
				LastUpgradeCheck = 1330;
				TargetAttributes = {
					B65A563728148C54008B7922 = {
						CreatedOnToolsVersion = 13.3.1;
					};
				};
			};
			buildConfigurationList = B65A563328148C54008B7922 /* Build configuration list for PBXProject "composioner" */;
			compatibilityVersion = "Xcode 13.0";
			developmentRegion = en;
			hasScannedForEncodings = 0;
			knownRegions = (
				en,
				Base,
			);
			mainGroup = B65A562F28148C54008B7922;
			packageReferences = (
				B6A832FE28149DA100DAFCE1 /* XCRemoteSwiftPackageReference "SDWebImageSwiftUI" */,
				B650625E283583AE00673D02 /* XCRemoteSwiftPackageReference "lottie-ios" */,
			);
			productRefGroup = B65A563928148C54008B7922 /* Products */;
			projectDirPath = "";
			projectRoot = "";
			targets = (
				B65A563728148C54008B7922 /* composioner */,
			);
		};
/* End PBXProject section */

/* Begin PBXResourcesBuildPhase section */
		B65A563628148C54008B7922 /* Resources */ = {
			isa = PBXResourcesBuildPhase;
			buildActionMask = 2147483647;
			files = (
				B65A564328148C56008B7922 /* Preview Assets.xcassets in Resources */,
				B65062662835868400673D02 /* 104753-friendly-owl.json in Resources */,
				B65062622835840300673D02 /* fireworks.json in Resources */,
				B65A564028148C56008B7922 /* Assets.xcassets in Resources */,
			);
			runOnlyForDeploymentPostprocessing = 0;
		};
/* End PBXResourcesBuildPhase section */

/* Begin PBXSourcesBuildPhase section */
		B65A563428148C54008B7922 /* Sources */ = {
			isa = PBXSourcesBuildPhase;
			buildActionMask = 2147483647;
			files = (
				B650625C2835765A00673D02 /* ContinuationViewModel.swift in Sources */,
				B65062562832D43E00673D02 /* ContinuationView.swift in Sources */,
				B65A564D28148D54008B7922 /* CompositionalView.swift in Sources */,
				B65A563E28148C54008B7922 /* ContentView.swift in Sources */,
				B6C9CAD42827B8CA009947D0 /* Modo.swift in Sources */,
				B65A563C28148C54008B7922 /* composionerApp.swift in Sources */,
				B673CF9F28317D0B005655FC /* TaskGrouperViewModel.swift in Sources */,
				B69AC59928396A7A00A2774E /* Extensions.swift in Sources */,
				B65062642835841300673D02 /* Lottier.swift in Sources */,
				B6C9CADD2827D311009947D0 /* Ring.swift in Sources */,
				B650625A2835760E00673D02 /* CVMNetworkManager.swift in Sources */,
				B6C9CACD28268C87009947D0 /* MainView.swift in Sources */,
				B65A564F2814991D008B7922 /* ImageModel.swift in Sources */,
				B6C9CADF2827D321009947D0 /* RingShape.swift in Sources */,
				B6B9A68A283EA6E200DA9CD8 /* GlobalActors.swift in Sources */,
				B6C9CAB4281E9B05009947D0 /* DownloadImageAsync.swift in Sources */,
				B6C9CACB282529CD009947D0 /* ExpertoView.swift in Sources */,
				B6C9CAC82822FDA9009947D0 /* Taskers.swift in Sources */,
				B6C9CACF28268C9A009947D0 /* Model.swift in Sources */,
				B6C9CAD82827B9BE009947D0 /* Combainer.swift in Sources */,
				B6C9CAE128296776009947D0 /* Streams.swift in Sources */,
				B65A565128149A4F008B7922 /* ImageFetcher.swift in Sources */,
				B6B9A688283C064800DA9CD8 /* Actors.swift in Sources */,
				B6C9CAD128268DAA009947D0 /* CardView.swift in Sources */,
				B6C9CAE328297434009947D0 /* AsyncLet.swift in Sources */,
				B6C9CAE5282ACA5A009947D0 /* PaymentRing.swift in Sources */,
				B673CFA128317D45005655FC /* TaskGrouperDataManager.swift in Sources */,
				B6C9CAB62820612F009947D0 /* Asyncer.swift in Sources */,
				B6C9CADB2827D2CA009947D0 /* Ringer.swift in Sources */,
				B6C9CAD62827B9AE009947D0 /* ModoView.swift in Sources */,
				B6607109282D8E1F00749C19 /* TaskGrouper.swift in Sources */,
			);
			runOnlyForDeploymentPostprocessing = 0;
		};
/* End PBXSourcesBuildPhase section */

/* Begin XCBuildConfiguration section */
		B65A564428148C56008B7922 /* Debug */ = {
			isa = XCBuildConfiguration;
			buildSettings = {
				ALWAYS_SEARCH_USER_PATHS = NO;
				CLANG_ANALYZER_NONNULL = YES;
				CLANG_ANALYZER_NUMBER_OBJECT_CONVERSION = YES_AGGRESSIVE;
				CLANG_CXX_LANGUAGE_STANDARD = "gnu++17";
				CLANG_ENABLE_MODULES = YES;
				CLANG_ENABLE_OBJC_ARC = YES;
				CLANG_ENABLE_OBJC_WEAK = YES;
				CLANG_WARN_BLOCK_CAPTURE_AUTORELEASING = YES;
				CLANG_WARN_BOOL_CONVERSION = YES;
				CLANG_WARN_COMMA = YES;
				CLANG_WARN_CONSTANT_CONVERSION = YES;
				CLANG_WARN_DEPRECATED_OBJC_IMPLEMENTATIONS = YES;
				CLANG_WARN_DIRECT_OBJC_ISA_USAGE = YES_ERROR;
				CLANG_WARN_DOCUMENTATION_COMMENTS = YES;
				CLANG_WARN_EMPTY_BODY = YES;
				CLANG_WARN_ENUM_CONVERSION = YES;
				CLANG_WARN_INFINITE_RECURSION = YES;
				CLANG_WARN_INT_CONVERSION = YES;
				CLANG_WARN_NON_LITERAL_NULL_CONVERSION = YES;
				CLANG_WARN_OBJC_IMPLICIT_RETAIN_SELF = YES;
				CLANG_WARN_OBJC_LITERAL_CONVERSION = YES;
				CLANG_WARN_OBJC_ROOT_CLASS = YES_ERROR;
				CLANG_WARN_QUOTED_INCLUDE_IN_FRAMEWORK_HEADER = YES;
				CLANG_WARN_RANGE_LOOP_ANALYSIS = YES;
				CLANG_WARN_STRICT_PROTOTYPES = YES;
				CLANG_WARN_SUSPICIOUS_MOVE = YES;
				CLANG_WARN_UNGUARDED_AVAILABILITY = YES_AGGRESSIVE;
				CLANG_WARN_UNREACHABLE_CODE = YES;
				CLANG_WARN__DUPLICATE_METHOD_MATCH = YES;
				COPY_PHASE_STRIP = NO;
				DEBUG_INFORMATION_FORMAT = dwarf;
				ENABLE_STRICT_OBJC_MSGSEND = YES;
				ENABLE_TESTABILITY = YES;
				GCC_C_LANGUAGE_STANDARD = gnu11;
				GCC_DYNAMIC_NO_PIC = NO;
				GCC_NO_COMMON_BLOCKS = YES;
				GCC_OPTIMIZATION_LEVEL = 0;
				GCC_PREPROCESSOR_DEFINITIONS = (
					"DEBUG=1",
					"$(inherited)",
				);
				GCC_WARN_64_TO_32_BIT_CONVERSION = YES;
				GCC_WARN_ABOUT_RETURN_TYPE = YES_ERROR;
				GCC_WARN_UNDECLARED_SELECTOR = YES;
				GCC_WARN_UNINITIALIZED_AUTOS = YES_AGGRESSIVE;
				GCC_WARN_UNUSED_FUNCTION = YES;
				GCC_WARN_UNUSED_VARIABLE = YES;
				IPHONEOS_DEPLOYMENT_TARGET = 15.4;
				MTL_ENABLE_DEBUG_INFO = INCLUDE_SOURCE;
				MTL_FAST_MATH = YES;
				ONLY_ACTIVE_ARCH = YES;
				SDKROOT = iphoneos;
				SWIFT_ACTIVE_COMPILATION_CONDITIONS = DEBUG;
				SWIFT_OPTIMIZATION_LEVEL = "-Onone";
			};
			name = Debug;
		};
		B65A564528148C56008B7922 /* Release */ = {
			isa = XCBuildConfiguration;
			buildSettings = {
				ALWAYS_SEARCH_USER_PATHS = NO;
				CLANG_ANALYZER_NONNULL = YES;
				CLANG_ANALYZER_NUMBER_OBJECT_CONVERSION = YES_AGGRESSIVE;
				CLANG_CXX_LANGUAGE_STANDARD = "gnu++17";
				CLANG_ENABLE_MODULES = YES;
				CLANG_ENABLE_OBJC_ARC = YES;
				CLANG_ENABLE_OBJC_WEAK = YES;
				CLANG_WARN_BLOCK_CAPTURE_AUTORELEASING = YES;
				CLANG_WARN_BOOL_CONVERSION = YES;
				CLANG_WARN_COMMA = YES;
				CLANG_WARN_CONSTANT_CONVERSION = YES;
				CLANG_WARN_DEPRECATED_OBJC_IMPLEMENTATIONS = YES;
				CLANG_WARN_DIRECT_OBJC_ISA_USAGE = YES_ERROR;
				CLANG_WARN_DOCUMENTATION_COMMENTS = YES;
				CLANG_WARN_EMPTY_BODY = YES;
				CLANG_WARN_ENUM_CONVERSION = YES;
				CLANG_WARN_INFINITE_RECURSION = YES;
				CLANG_WARN_INT_CONVERSION = YES;
				CLANG_WARN_NON_LITERAL_NULL_CONVERSION = YES;
				CLANG_WARN_OBJC_IMPLICIT_RETAIN_SELF = YES;
				CLANG_WARN_OBJC_LITERAL_CONVERSION = YES;
				CLANG_WARN_OBJC_ROOT_CLASS = YES_ERROR;
				CLANG_WARN_QUOTED_INCLUDE_IN_FRAMEWORK_HEADER = YES;
				CLANG_WARN_RANGE_LOOP_ANALYSIS = YES;
				CLANG_WARN_STRICT_PROTOTYPES = YES;
				CLANG_WARN_SUSPICIOUS_MOVE = YES;
				CLANG_WARN_UNGUARDED_AVAILABILITY = YES_AGGRESSIVE;
				CLANG_WARN_UNREACHABLE_CODE = YES;
				CLANG_WARN__DUPLICATE_METHOD_MATCH = YES;
				COPY_PHASE_STRIP = NO;
				DEBUG_INFORMATION_FORMAT = "dwarf-with-dsym";
				ENABLE_NS_ASSERTIONS = NO;
				ENABLE_STRICT_OBJC_MSGSEND = YES;
				GCC_C_LANGUAGE_STANDARD = gnu11;
				GCC_NO_COMMON_BLOCKS = YES;
				GCC_WARN_64_TO_32_BIT_CONVERSION = YES;
				GCC_WARN_ABOUT_RETURN_TYPE = YES_ERROR;
				GCC_WARN_UNDECLARED_SELECTOR = YES;
				GCC_WARN_UNINITIALIZED_AUTOS = YES_AGGRESSIVE;
				GCC_WARN_UNUSED_FUNCTION = YES;
				GCC_WARN_UNUSED_VARIABLE = YES;
				IPHONEOS_DEPLOYMENT_TARGET = 15.4;
				MTL_ENABLE_DEBUG_INFO = NO;
				MTL_FAST_MATH = YES;
				SDKROOT = iphoneos;
				SWIFT_COMPILATION_MODE = wholemodule;
				SWIFT_OPTIMIZATION_LEVEL = "-O";
				VALIDATE_PRODUCT = YES;
			};
			name = Release;
		};
		B65A564728148C56008B7922 /* Debug */ = {
			isa = XCBuildConfiguration;
			buildSettings = {
				ASSETCATALOG_COMPILER_APPICON_NAME = AppIcon;
				ASSETCATALOG_COMPILER_GLOBAL_ACCENT_COLOR_NAME = AccentColor;
				CODE_SIGN_STYLE = Automatic;
				CURRENT_PROJECT_VERSION = 1;
				DEVELOPMENT_ASSET_PATHS = "\"composioner/Preview Content\"";
				DEVELOPMENT_TEAM = JKYU7W8LBP;
				ENABLE_PREVIEWS = YES;
				GENERATE_INFOPLIST_FILE = YES;
				INFOPLIST_KEY_UIApplicationSceneManifest_Generation = YES;
				INFOPLIST_KEY_UIApplicationSupportsIndirectInputEvents = YES;
				INFOPLIST_KEY_UILaunchScreen_Generation = YES;
				INFOPLIST_KEY_UISupportedInterfaceOrientations_iPad = "UIInterfaceOrientationPortrait UIInterfaceOrientationPortraitUpsideDown UIInterfaceOrientationLandscapeLeft UIInterfaceOrientationLandscapeRight";
				INFOPLIST_KEY_UISupportedInterfaceOrientations_iPhone = "UIInterfaceOrientationPortrait UIInterfaceOrientationLandscapeLeft UIInterfaceOrientationLandscapeRight";
				LD_RUNPATH_SEARCH_PATHS = (
					"$(inherited)",
					"@executable_path/Frameworks",
				);
				MARKETING_VERSION = 1.0;
				PRODUCT_BUNDLE_IDENTIFIER = mishacausur.composioner;
				PRODUCT_NAME = "$(TARGET_NAME)";
				SWIFT_EMIT_LOC_STRINGS = YES;
				SWIFT_VERSION = 5.0;
				TARGETED_DEVICE_FAMILY = "1,2";
			};
			name = Debug;
		};
		B65A564828148C56008B7922 /* Release */ = {
			isa = XCBuildConfiguration;
			buildSettings = {
				ASSETCATALOG_COMPILER_APPICON_NAME = AppIcon;
				ASSETCATALOG_COMPILER_GLOBAL_ACCENT_COLOR_NAME = AccentColor;
				CODE_SIGN_STYLE = Automatic;
				CURRENT_PROJECT_VERSION = 1;
				DEVELOPMENT_ASSET_PATHS = "\"composioner/Preview Content\"";
				DEVELOPMENT_TEAM = JKYU7W8LBP;
				ENABLE_PREVIEWS = YES;
				GENERATE_INFOPLIST_FILE = YES;
				INFOPLIST_KEY_UIApplicationSceneManifest_Generation = YES;
				INFOPLIST_KEY_UIApplicationSupportsIndirectInputEvents = YES;
				INFOPLIST_KEY_UILaunchScreen_Generation = YES;
				INFOPLIST_KEY_UISupportedInterfaceOrientations_iPad = "UIInterfaceOrientationPortrait UIInterfaceOrientationPortraitUpsideDown UIInterfaceOrientationLandscapeLeft UIInterfaceOrientationLandscapeRight";
				INFOPLIST_KEY_UISupportedInterfaceOrientations_iPhone = "UIInterfaceOrientationPortrait UIInterfaceOrientationLandscapeLeft UIInterfaceOrientationLandscapeRight";
				LD_RUNPATH_SEARCH_PATHS = (
					"$(inherited)",
					"@executable_path/Frameworks",
				);
				MARKETING_VERSION = 1.0;
				PRODUCT_BUNDLE_IDENTIFIER = mishacausur.composioner;
				PRODUCT_NAME = "$(TARGET_NAME)";
				SWIFT_EMIT_LOC_STRINGS = YES;
				SWIFT_VERSION = 5.0;
				TARGETED_DEVICE_FAMILY = "1,2";
			};
			name = Release;
		};
/* End XCBuildConfiguration section */

/* Begin XCConfigurationList section */
		B65A563328148C54008B7922 /* Build configuration list for PBXProject "composioner" */ = {
			isa = XCConfigurationList;
			buildConfigurations = (
				B65A564428148C56008B7922 /* Debug */,
				B65A564528148C56008B7922 /* Release */,
			);
			defaultConfigurationIsVisible = 0;
			defaultConfigurationName = Release;
		};
		B65A564628148C56008B7922 /* Build configuration list for PBXNativeTarget "composioner" */ = {
			isa = XCConfigurationList;
			buildConfigurations = (
				B65A564728148C56008B7922 /* Debug */,
				B65A564828148C56008B7922 /* Release */,
			);
			defaultConfigurationIsVisible = 0;
			defaultConfigurationName = Release;
		};
/* End XCConfigurationList section */

/* Begin XCRemoteSwiftPackageReference section */
		B650625E283583AE00673D02 /* XCRemoteSwiftPackageReference "lottie-ios" */ = {
			isa = XCRemoteSwiftPackageReference;
			repositoryURL = "https://github.com/airbnb/lottie-ios";
			requirement = {
				kind = upToNextMajorVersion;
				minimumVersion = 3.0.0;
			};
		};
		B6A832FE28149DA100DAFCE1 /* XCRemoteSwiftPackageReference "SDWebImageSwiftUI" */ = {
			isa = XCRemoteSwiftPackageReference;
			repositoryURL = "https://github.com/SDWebImage/SDWebImageSwiftUI";
			requirement = {
				kind = upToNextMajorVersion;
				minimumVersion = 2.0.0;
			};
		};
/* End XCRemoteSwiftPackageReference section */

/* Begin XCSwiftPackageProductDependency section */
		B650625F283583AE00673D02 /* Lottie */ = {
			isa = XCSwiftPackageProductDependency;
			package = B650625E283583AE00673D02 /* XCRemoteSwiftPackageReference "lottie-ios" */;
			productName = Lottie;
		};
		B6A832FF28149DA100DAFCE1 /* SDWebImageSwiftUI */ = {
			isa = XCSwiftPackageProductDependency;
			package = B6A832FE28149DA100DAFCE1 /* XCRemoteSwiftPackageReference "SDWebImageSwiftUI" */;
			productName = SDWebImageSwiftUI;
		};
/* End XCSwiftPackageProductDependency section */
	};
	rootObject = B65A563028148C54008B7922 /* Project object */;
}
